
Microsoft Visual Studio Solution File, Format Version 10.00
# Visual Studio 2008
Project("{FAE04EC0-301F-11D3-BF4B-00C04F79EFBC}") = "oradmin", "oradmin\oradmin.csproj", "{7CC34038-0AC9-4FAC-A585-2F4B0FE8CF79}"
	ProjectSection(ProjectDependencies) = postProject
		{1CF90D70-1BC2-4C0B-A49C-6DEA3BEB14FA} = {1CF90D70-1BC2-4C0B-A49C-6DEA3BEB14FA}
	EndProjectSection
EndProject
Project("{2150E333-8FDC-42A3-9474-1A3956D46DE8}") = "Solution Items", "Solution Items", "{75E98D47-9F2B-4706-A57F-A111BB608B6A}"
EndProject
Project("{FAE04EC0-301F-11D3-BF4B-00C04F79EFBC}") = "MyEntityLibrary", "MyEntityLibrary\MyEntityLibrary.csproj", "{1CF90D70-1BC2-4C0B-A49C-6DEA3BEB14FA}"
EndProject
Global
	GlobalSection(SolutionConfigurationPlatforms) = preSolution
		Debug|Any CPU = Debug|Any CPU
		Release|Any CPU = Release|Any CPU
	EndGlobalSection
	GlobalSection(ProjectConfigurationPlatforms) = postSolution
		{7CC34038-0AC9-4FAC-A585-2F4B0FE8CF79}.Debug|Any CPU.ActiveCfg = Debug|Any CPU
		{7CC34038-0AC9-4FAC-A585-2F4B0FE8CF79}.Debug|Any CPU.Build.0 = Debug|Any CPU
		{7CC34038-0AC9-4FAC-A585-2F4B0FE8CF79}.Release|Any CPU.ActiveCfg = Release|Any CPU
		{7CC34038-0AC9-4FAC-A585-2F4B0FE8CF79}.Release|Any CPU.Build.0 = Release|Any CPU
		{1CF90D70-1BC2-4C0B-A49C-6DEA3BEB14FA}.Debug|Any CPU.ActiveCfg = Debug|Any CPU
		{1CF90D70-1BC2-4C0B-A49C-6DEA3BEB14FA}.Debug|Any CPU.Build.0 = Debug|Any CPU
		{1CF90D70-1BC2-4C0B-A49C-6DEA3BEB14FA}.Release|Any CPU.ActiveCfg = Release|Any CPU
		{1CF90D70-1BC2-4C0B-A49C-6DEA3BEB14FA}.Release|Any CPU.Build.0 = Release|Any CPU
	EndGlobalSection
	GlobalSection(SolutionProperties) = preSolution
		HideSolutionNode = FALSE
	EndGlobalSection
EndGlobal
